{
  "name": "user-permissions-benchmarks",
  "version": "1.0.0",
  "lockfileVersion": 1,
  "requires": true,
  "dependencies": {
    "@casl/ability": {
      "version": "3.4.0",
      "resolved": "https://registry.npmjs.org/@casl/ability/-/ability-3.4.0.tgz",
      "integrity": "sha512-aJodlkXamBRNnb25m0xuibU6StiyWZzz7EFivqLKO5kmfLDAwrIklysa1w4K/Exi1mRt+lfOp7pSb4QtuAXx+A==",
      "requires": {
        "sift": "^9.0.4"
      },
      "dependencies": {
        "sift": {
          "version": "9.0.7",
          "resolved": "https://registry.npmjs.org/sift/-/sift-9.0.7.tgz",
          "integrity": "sha512-q8Wvt15s0UJfIgVBEupXwITi8AKoHwCZbIO/bz+YMgEZRPh5qj/gjvYtqhKjHWe9srbuq5DyYeRyWPVjkOihPg=="
        }
      }
    },
    "@strikeentco/get": {
      "version": "1.0.1",
      "resolved": "https://registry.npmjs.org/@strikeentco/get/-/get-1.0.1.tgz",
      "integrity": "sha512-qPnoWkt7xxcOaUJhMveDHmj6INVKHXUEsPTGz3g4HC5XNnqRd1dDEFxL1KpG+vZ2VxmRK42EjBt5vUDr4uLzQQ=="
    },
    "@strikeentco/set": {
      "version": "1.0.0",
      "resolved": "https://registry.npmjs.org/@strikeentco/set/-/set-1.0.0.tgz",
      "integrity": "sha512-y6CyiyfeTDta2GbraRI7TQtNDVXKLSRkn1ctxbf7PtRM8CEKCCRWQi5FKaZEsvqqK91GzzZvtLXQFG+MsKOe4A=="
    },
    "acl": {
      "version": "0.4.11",
      "resolved": "https://registry.npmjs.org/acl/-/acl-0.4.11.tgz",
      "integrity": "sha1-ACzHZuvyXNqP5TK1bzZRvr2yWzo=",
      "requires": {
        "async": "^2.1.4",
        "bluebird": "^3.0.2",
        "lodash": "^4.17.3",
        "mongodb": "^2.0.47",
        "redis": "^2.2.5"
      }
    },
    "arrify": {
      "version": "1.0.1",
      "resolved": "https://registry.npmjs.org/arrify/-/arrify-1.0.1.tgz",
      "integrity": "sha1-iYUI2iIm84DfkEcoRWhJwVAaSw0="
    },
    "async": {
      "version": "2.6.3",
      "resolved": "https://registry.npmjs.org/async/-/async-2.6.3.tgz",
      "integrity": "sha512-zflvls11DCy+dQWzTW2dzuilv8Z5X/pjfmZOWba6TNIVDm+2UDaJmXSOXlasHKfNBs8oo3M0aT50fDEWfKZjXg==",
      "requires": {
        "lodash": "^4.17.14"
      }
    },
    "auto-bind": {
      "version": "1.2.1",
      "resolved": "https://registry.npmjs.org/auto-bind/-/auto-bind-1.2.1.tgz",
      "integrity": "sha512-/W9yj1yKmBLwpexwAujeD9YHwYmRuWFGV8HWE7smQab797VeHa4/cnE2NFeDhA+E+5e/OGBI8763EhLjfZ/MXA=="
    },
    "await-lock": {
      "version": "2.0.1",
      "resolved": "https://registry.npmjs.org/await-lock/-/await-lock-2.0.1.tgz",
      "integrity": "sha512-ntLi9fzlMT/vWjC1wwVI11/cSRJ3nTS35qVekNc9WnaoMOP2eWH0RvIqwLQkDjX4a4YynsKEv+Ere2VONp9wxg=="
    },
    "benchmark": {
      "version": "2.1.4",
      "resolved": "https://registry.npmjs.org/benchmark/-/benchmark-2.1.4.tgz",
      "integrity": "sha1-CfPeMckWQl1JjMLuVloOvzwqVik=",
      "requires": {
        "lodash": "^4.17.4",
        "platform": "^1.3.3"
      }
    },
    "bluebird": {
      "version": "3.7.2",
      "resolved": "https://registry.npmjs.org/bluebird/-/bluebird-3.7.2.tgz",
      "integrity": "sha512-XpNj6GDQzdfW+r2Wnn7xiSAd7TM3jzkxGXBGTtWKuSXv1xUV+azxAm8jdWZN06QTQk+2N2XB9jRDkvbmQmcRtg=="
    },
    "bson": {
      "version": "1.0.9",
      "resolved": "https://registry.npmjs.org/bson/-/bson-1.0.9.tgz",
      "integrity": "sha512-IQX9/h7WdMBIW/q/++tGd+emQr0XMdeZ6icnT/74Xk9fnabWn+gZgpE+9V+gujL3hhJOoNrnDVY7tWdzc7NUTg=="
    },
    "buffer-shims": {
      "version": "1.0.0",
      "resolved": "https://registry.npmjs.org/buffer-shims/-/buffer-shims-1.0.0.tgz",
      "integrity": "sha1-mXjOMXOIxkmth5MCjDR37wRKi1E="
    },
    "cancan": {
      "version": "3.1.0",
      "resolved": "https://registry.npmjs.org/cancan/-/cancan-3.1.0.tgz",
      "integrity": "sha512-Glz6HEEOfQ5Cv5yWx2Zu4zPtDBJzNcIAE/pSzE3XTncA2ZvfwA5w8wLvJ455Ud4qKEGpHay4Z0KduGNWCoKPXA==",
      "requires": {
        "arrify": "^1.0.1",
        "auto-bind": "^1.1.0",
        "is-plain-obj": "^1.1.0"
      }
    },
    "casbin": {
      "version": "4.1.1",
      "resolved": "https://registry.npmjs.org/casbin/-/casbin-4.1.1.tgz",
      "integrity": "sha512-3iGx/rcLRh0Bp0HGPiLivtcQbghpUpJ+MiwhwSrf+lbVIkvh38m1FP+smJqN8TyFrtSK1FxAuioRJE3hU6Fv7Q==",
      "requires": {
        "await-lock": "^2.0.1",
        "expression-eval": "^2.0.0",
        "ip": "^1.1.5",
        "lodash": "^4.17.15"
      }
    },
    "core-util-is": {
      "version": "1.0.2",
      "resolved": "https://registry.npmjs.org/core-util-is/-/core-util-is-1.0.2.tgz",
      "integrity": "sha1-tf1UIgqivFq1eqtxQMlAdUUDwac="
    },
    "double-ended-queue": {
      "version": "2.1.0-0",
      "resolved": "https://registry.npmjs.org/double-ended-queue/-/double-ended-queue-2.1.0-0.tgz",
      "integrity": "sha1-ED01J/0xUo9AGIEwyEHv3XgmTlw="
    },
    "es6-promise": {
      "version": "3.2.1",
      "resolved": "https://registry.npmjs.org/es6-promise/-/es6-promise-3.2.1.tgz",
      "integrity": "sha1-7FYjOGgDKQkgcXDDlEjiREndH8Q="
    },
    "escape-string-regexp": {
      "version": "1.0.5",
      "resolved": "https://registry.npmjs.org/escape-string-regexp/-/escape-string-regexp-1.0.5.tgz",
      "integrity": "sha1-G2HAViGQqN/2rjuyzwIAyhMLhtQ="
    },
    "expression-eval": {
      "version": "2.1.0",
      "resolved": "https://registry.npmjs.org/expression-eval/-/expression-eval-2.1.0.tgz",
      "integrity": "sha512-FUJO/Akvl/JOWkvlqZaqbkhsEWlCJWDeZG4tzX96UH68D9FeRgYgtb55C2qtqbORC0Q6x5419EDjWu4IT9kQfg==",
      "requires": {
        "jsep": "^0.3.0"
      }
    },
    "inherits": {
      "version": "2.0.4",
      "resolved": "https://registry.npmjs.org/inherits/-/inherits-2.0.4.tgz",
      "integrity": "sha512-k/vGaX4/Yla3WzyMCvTQOXYeIHvqOKtnqBduzTHpzpQZzAskKMhZ2K+EnBiSM9zGSoIFeMpXKxa4dYeZIQqewQ=="
    },
    "ip": {
      "version": "1.1.5",
      "resolved": "https://registry.npmjs.org/ip/-/ip-1.1.5.tgz",
      "integrity": "sha1-vd7XARQpCCjAoDnnLvJfWq7ENUo="
    },
    "is-plain-obj": {
      "version": "1.1.0",
      "resolved": "https://registry.npmjs.org/is-plain-obj/-/is-plain-obj-1.1.0.tgz",
      "integrity": "sha1-caUMhCnfync8kqOQpKA7OfzVHT4="
    },
    "isarray": {
      "version": "1.0.0",
      "resolved": "https://registry.npmjs.org/isarray/-/isarray-1.0.0.tgz",
      "integrity": "sha1-u5NdSFgsuhaMBoNJV6VKPgcSTxE="
    },
    "jsep": {
      "version": "0.3.4",
      "resolved": "https://registry.npmjs.org/jsep/-/jsep-0.3.4.tgz",
      "integrity": "sha512-ovGD9wE+wvudIIYxZGrRcZCxNyZ3Cl1N7Bzyp7/j4d/tA0BaUwcVM9bu0oZaSrefMiNwv6TwZ9X15gvZosteCQ=="
    },
    "jsonpath-plus": {
      "version": "0.18.1",
      "resolved": "https://registry.npmjs.org/jsonpath-plus/-/jsonpath-plus-0.18.1.tgz",
      "integrity": "sha512-4yQiuV641HROc4z9YGvnsr8yAdmzbu8JjdAen8WfiXsXewKvTG4ie2bSygF2maek9PcbtROmS6aLQs31BD+oNQ=="
    },
    "keymirror": {
      "version": "0.1.1",
      "resolved": "https://registry.npmjs.org/keymirror/-/keymirror-0.1.1.tgz",
      "integrity": "sha1-kYiJ6hP40KQufFVyUO7nE63JXDU="
    },
    "lodash": {
      "version": "4.17.15",
      "resolved": "https://registry.npmjs.org/lodash/-/lodash-4.17.15.tgz",
      "integrity": "sha512-8xOcRHvCjnocdS5cpwXQXVzmmh5e5+saE2QGoeQmbKmRS6J3VQppPOIt0MnmE+4xlZoumy0GPG0D0MVIQbNA1A=="
    },
    "lodash.clonedeep": {
      "version": "4.5.0",
      "resolved": "https://registry.npmjs.org/lodash.clonedeep/-/lodash.clonedeep-4.5.0.tgz",
      "integrity": "sha1-4j8/nE+Pvd6HJSnBBxhXoIblzO8="
    },
    "matcher": {
      "version": "1.1.1",
      "resolved": "https://registry.npmjs.org/matcher/-/matcher-1.1.1.tgz",
      "integrity": "sha512-+BmqxWIubKTRKNWx/ahnCkk3mG8m7OturVlqq6HiojGJTd5hVYbgZm6WzcYPCoB+KBT4Vd6R7WSRG2OADNaCjg==",
      "requires": {
        "escape-string-regexp": "^1.0.4"
      }
    },
    "mongodb": {
      "version": "2.2.36",
      "resolved": "https://registry.npmjs.org/mongodb/-/mongodb-2.2.36.tgz",
      "integrity": "sha512-P2SBLQ8Z0PVx71ngoXwo12+FiSfbNfGOClAao03/bant5DgLNkOPAck5IaJcEk4gKlQhDEURzfR3xuBG1/B+IA==",
      "requires": {
        "es6-promise": "3.2.1",
        "mongodb-core": "2.1.20",
        "readable-stream": "2.2.7"
      }
    },
    "mongodb-core": {
      "version": "2.1.20",
      "resolved": "https://registry.npmjs.org/mongodb-core/-/mongodb-core-2.1.20.tgz",
      "integrity": "sha512-IN57CX5/Q1bhDq6ShAR6gIv4koFsZP7L8WOK1S0lR0pVDQaScffSMV5jxubLsmZ7J+UdqmykKw4r9hG3XQEGgQ==",
      "requires": {
        "bson": "~1.0.4",
        "require_optional": "~1.0.0"
      }
    },
    "notation": {
      "version": "1.3.6",
      "resolved": "https://registry.npmjs.org/notation/-/notation-1.3.6.tgz",
      "integrity": "sha512-DIuJmrP/Gg1DcXKaApsqcjsJD6jEccqKSfmU3BUx/f1GHsMiTJh70cERwYc64tOmTRTARCeMwkqNNzjh3AHhiw=="
    },
    "pick-deep": {
      "version": "1.0.0",
      "resolved": "https://registry.npmjs.org/pick-deep/-/pick-deep-1.0.0.tgz",
      "integrity": "sha512-Uy0VUtabou1sPl/vVClBFrWi4Ae/D3Vqu44FJawmm4lnduu5E16ykw8kh15fiUeLQ6lbmXQ0EMr3YIsqpLZl+A==",
      "requires": {
        "@strikeentco/get": "^1.0.0",
        "@strikeentco/set": "^1.0.0"
      }
    },
    "platform": {
      "version": "1.3.5",
      "resolved": "https://registry.npmjs.org/platform/-/platform-1.3.5.tgz",
      "integrity": "sha512-TuvHS8AOIZNAlE77WUDiR4rySV/VMptyMfcfeoMgs4P8apaZM3JrnbzBiixKUv+XR6i+BXrQh8WAnjaSPFO65Q=="
    },
    "process-nextick-args": {
      "version": "1.0.7",
      "resolved": "https://registry.npmjs.org/process-nextick-args/-/process-nextick-args-1.0.7.tgz",
      "integrity": "sha1-FQ4gt1ZZCtP5EJPyWk8q2L/zC6M="
    },
    "rbac": {
      "version": "5.0.3",
      "resolved": "https://registry.npmjs.org/rbac/-/rbac-5.0.3.tgz",
      "integrity": "sha512-3kvvY5+kCy2dGnAYx6c0j8mqyYs/kdnwn8HI+dl/1vacEe142t4OUXMSeIPBPN26qH5b4m+FS1iT99GQ+vPRug==",
      "requires": {
        "keymirror": "^0.1.1",
        "lodash": "^4.17.10"
      }
    },
    "readable-stream": {
      "version": "2.2.7",
      "resolved": "https://registry.npmjs.org/readable-stream/-/readable-stream-2.2.7.tgz",
      "integrity": "sha1-BwV6y+JGeyIELTb5jFrVBwVOlbE=",
      "requires": {
        "buffer-shims": "~1.0.0",
        "core-util-is": "~1.0.0",
        "inherits": "~2.0.1",
        "isarray": "~1.0.0",
        "process-nextick-args": "~1.0.6",
        "string_decoder": "~1.0.0",
        "util-deprecate": "~1.0.1"
      }
    },
    "redis": {
      "version": "2.8.0",
      "resolved": "https://registry.npmjs.org/redis/-/redis-2.8.0.tgz",
      "integrity": "sha512-M1OkonEQwtRmZv4tEWF2VgpG0JWJ8Fv1PhlgT5+B+uNq2cA3Rt1Yt/ryoR+vQNOQcIEgdCdfH0jr3bDpihAw1A==",
      "requires": {
        "double-ended-queue": "^2.1.0-0",
        "redis-commands": "^1.2.0",
        "redis-parser": "^2.6.0"
      }
    },
    "redis-commands": {
      "version": "1.5.0",
      "resolved": "https://registry.npmjs.org/redis-commands/-/redis-commands-1.5.0.tgz",
      "integrity": "sha512-6KxamqpZ468MeQC3bkWmCB1fp56XL64D4Kf0zJSwDZbVLLm7KFkoIcHrgRvQ+sk8dnhySs7+yBg94yIkAK7aJg=="
    },
    "redis-parser": {
      "version": "2.6.0",
      "resolved": "https://registry.npmjs.org/redis-parser/-/redis-parser-2.6.0.tgz",
      "integrity": "sha1-Uu0J2srBCPGmMcB+m2mUHnoZUEs="
    },
    "require_optional": {
      "version": "1.0.1",
      "resolved": "https://registry.npmjs.org/require_optional/-/require_optional-1.0.1.tgz",
      "integrity": "sha512-qhM/y57enGWHAe3v/NcwML6a3/vfESLe/sGM2dII+gEO0BpKRUkWZow/tyloNqJyN6kXSl3RyyM8Ll5D/sJP8g==",
      "requires": {
        "resolve-from": "^2.0.0",
        "semver": "^5.1.0"
      }
    },
    "resolve-from": {
      "version": "2.0.0",
      "resolved": "https://registry.npmjs.org/resolve-from/-/resolve-from-2.0.0.tgz",
      "integrity": "sha1-lICrIOlP+h2egKgEx+oUdhGWa1c="
    },
    "role-acl": {
      "version": "4.3.3",
      "resolved": "https://registry.npmjs.org/role-acl/-/role-acl-4.3.3.tgz",
      "integrity": "sha512-KKOP4hsjVCENuPVP+LOa5IM/YPQSwgWUK2TnIqRbaNZlO3FRb4ynP9O5mHDQ5xvOMfFlhzrC1nPN8ZryrTJM+w==",
      "requires": {
        "jsonpath-plus": "^0.18.0",
        "lodash.clonedeep": "^4.5.0",
        "matcher": "^1.0.0",
        "notation": "^1.3.5"
      }
    },
    "safe-buffer": {
      "version": "5.1.2",
      "resolved": "https://registry.npmjs.org/safe-buffer/-/safe-buffer-5.1.2.tgz",
      "integrity": "sha512-Gd2UZBJDkXlY7GbJxfsE8/nvKkUEU1G38c1siN6QP6a9PT9MmHB8GnpscSmMJSoF8LOIrt8ud/wPtojys4G6+g=="
    },
    "semver": {
      "version": "5.7.1",
      "resolved": "https://registry.npmjs.org/semver/-/semver-5.7.1.tgz",
      "integrity": "sha512-sauaDf/PZdVgrLTNYHRtpXa1iRiKcaebiKQ1BJdpQlWH2lCvexQdX55snPFyK7QzpudqbCI0qXFfOasHdyNDGQ=="
    },
    "sift": {
      "version": "11.1.8",
      "resolved": "https://registry.npmjs.org/sift/-/sift-11.1.8.tgz",
      "integrity": "sha512-QoNDdWFzFrtoNdYeJeDjhceLiuHOGlLacVxE7Y5QX/teBeYBWRM6s4RatraBoRvEsoDr/bsjeCmEH0hSHCJChQ=="
    },
    "string_decoder": {
      "version": "1.0.3",
      "resolved": "https://registry.npmjs.org/string_decoder/-/string_decoder-1.0.3.tgz",
      "integrity": "sha512-4AH6Z5fzNNBcH+6XDMfA/BTt87skxqJlO0lAh3Dker5zThcAxG6mKz+iGu308UKoPPQ8Dcqx/4JhujzltRa+hQ==",
      "requires": {
        "safe-buffer": "~5.1.0"
      }
    },
    "user-permissions": {
      "version": "0.1.0",
      "resolved": "https://registry.npmjs.org/user-permissions/-/user-permissions-0.1.0.tgz",
      "integrity": "sha512-sBcHlF7YObGelosQOtvghCN1thLlGZeNL6DQkxyMAjr9FnfSt1r/5nfepJhbAic9uJo+udRmL54ETGTUuB1+Xg==",
      "requires": {
        "@strikeentco/get": "^1.0.1",
        "pick-deep": "1.0.0",
        "sift": "^11.0.10"
      }
    },
    "util-deprecate": {
      "version": "1.0.2",
      "resolved": "https://registry.npmjs.org/util-deprecate/-/util-deprecate-1.0.2.tgz",
      "integrity": "sha1-RQ1Nyfpw3nMnYvvS1KKJgUGaDM8="
    }
  }
}
